
Microsoft Visual Studio Solution File, Format Version 12.00
# Visual Studio Version 16
VisualStudioVersion = 16.0.31624.102
MinimumVisualStudioVersion = 10.0.40219.1
Project("{9A19103F-16F7-4668-BE54-9A1E7A4F7556}") = "my-books", "my-books\my-books.csproj", "{2EE31D80-0983-409A-9F6F-414AFB17271C}"
EndProject
Global
	GlobalSection(SolutionConfigurationPlatforms) = preSolution
		Debug|Any CPU = Debug|Any CPU
		Release|Any CPU = Release|Any CPU
	EndGlobalSection
	GlobalSection(ProjectConfigurationPlatforms) = postSolution
		{2EE31D80-0983-409A-9F6F-414AFB17271C}.Debug|Any CPU.ActiveCfg = Debug|Any CPU
		{2EE31D80-0983-409A-9F6F-414AFB17271C}.Debug|Any CPU.Build.0 = Debug|Any CPU
		{2EE31D80-0983-409A-9F6F-414AFB17271C}.Release|Any CPU.ActiveCfg = Release|Any CPU
		{2EE31D80-0983-409A-9F6F-414AFB17271C}.Release|Any CPU.Build.0 = Release|Any CPU
	EndGlobalSection
	GlobalSection(SolutionProperties) = preSolution
		HideSolutionNode = FALSE
	EndGlobalSection
	GlobalSection(ExtensibilityGlobals) = postSolution
		SolutionGuid = {7738D6E3-2492-473D-B413-119014F257B2}
	EndGlobalSection
EndGlobal
